
Microsoft Visual Studio Solution File, Format Version 12.00
# Visual Studio Version 17
VisualStudioVersion = 17.4.33213.308
MinimumVisualStudioVersion = 10.0.40219.1
Project("{9A19103F-16F7-4668-BE54-9A1E7A4F7556}") = "0001. Two Sum (Easy)", "0001. Two Sum (Easy)\0001. Two Sum (Easy).csproj", "{1832142D-F0EC-417A-9541-B24BA308AB22}"
EndProject
Project("{9A19103F-16F7-4668-BE54-9A1E7A4F7556}") = "0009. Palindrome Number (Easy)", "0009. Palindrome Number (Easy)\0009. Palindrome Number (Easy).csproj", "{E5DCC3E0-3D90-4EEB-A72E-89ADA607994D}"
EndProject
Project("{9A19103F-16F7-4668-BE54-9A1E7A4F7556}") = "0013. Roman to Integer (Easy)", "0013. Roman to Integer (Easy)\0013. Roman to Integer (Easy).csproj", "{89F6A4FE-C0BB-4E5C-90FC-A42A8C28CCEC}"
EndProject
Project("{9A19103F-16F7-4668-BE54-9A1E7A4F7556}") = "0014. Longest Common Prefix (Easy)", "0014. Longest Common Prefix (Easy)\0014. Longest Common Prefix (Easy).csproj", "{7A6A2940-55CD-482D-9EE7-E683E08EF79A}"
EndProject
Project("{9A19103F-16F7-4668-BE54-9A1E7A4F7556}") = "0020. Valid Parentheses (Easy)", "0020. Valid Parentheses (Easy)\0020. Valid Parentheses (Easy).csproj", "{668ECAFB-8C47-496D-950A-E201BB435928}"
EndProject
Project("{9A19103F-16F7-4668-BE54-9A1E7A4F7556}") = "0021. Merge Two Sorted Lists (Easy)", "0021. Merge Two Sorted Lists (Easy)\0021. Merge Two Sorted Lists (Easy).csproj", "{D2942603-2600-43EE-A043-545A0A1B8086}"
EndProject
Project("{9A19103F-16F7-4668-BE54-9A1E7A4F7556}") = "0026. Remove Duplicates from Sorted Array (Easy)", "0026. Remove Duplicates from Sorted Array (Easy)\0026. Remove Duplicates from Sorted Array (Easy).csproj", "{B1B5E525-2A21-4C8E-B3D2-4DE6604B508C}"
EndProject
Project("{9A19103F-16F7-4668-BE54-9A1E7A4F7556}") = "0027. Remove Element (Easy)", "0027. Remove Element (Easy)\0027. Remove Element (Easy).csproj", "{B6B8CBC9-64CF-432B-AA6B-C3E7272A1B00}"
EndProject
Project("{9A19103F-16F7-4668-BE54-9A1E7A4F7556}") = "0035. Search Insert Position (Easy)", "0035. Search Insert Position (Easy)\0035. Search Insert Position (Easy).csproj", "{7CB325A4-9969-44DA-B071-3F0C8E370FB8}"
EndProject
Project("{9A19103F-16F7-4668-BE54-9A1E7A4F7556}") = "0058. Length of Last Word (Easy)", "0058. Length of Last Word (Easy)\0058. Length of Last Word (Easy).csproj", "{81C8F8D0-B308-41C3-9B15-7069F7FF5DB3}"
EndProject
Project("{9A19103F-16F7-4668-BE54-9A1E7A4F7556}") = "0066. Plus One (Easy)", "0066. Plus One (Easy)\0066. Plus One (Easy).csproj", "{8F1AC629-0CAE-4DC9-8168-9F5AF4754C89}"
EndProject
Project("{9A19103F-16F7-4668-BE54-9A1E7A4F7556}") = "0067. Add Binary (Easy)", "0067. Add Binary (Easy)\0067. Add Binary (Easy).csproj", "{55DC7F37-481B-47FF-84DA-B651EF6B4795}"
EndProject
Project("{9A19103F-16F7-4668-BE54-9A1E7A4F7556}") = "0070. Climbing Stairs (Easy)", "0070. Climbing Stairs (Easy)\0070. Climbing Stairs (Easy).csproj", "{DEB0804A-BD26-4297-8314-8890DA260639}"
EndProject
Project("{9A19103F-16F7-4668-BE54-9A1E7A4F7556}") = "0083. Remove Duplicates from Sorted List (Easy)", "0083. Remove Duplicates from Sorted List (Easy)\0083. Remove Duplicates from Sorted List (Easy).csproj", "{3DEAE6CB-EFD8-4E67-8EAD-4A02B96C2AE3}"
EndProject
Project("{9A19103F-16F7-4668-BE54-9A1E7A4F7556}") = "0088. Merge Sorted Array (Easy)", "0088. Merge Sorted Array (Easy)\0088. Merge Sorted Array (Easy).csproj", "{A110221D-9DB9-411F-8830-AE3BE2FABCA6}"
EndProject
Project("{9A19103F-16F7-4668-BE54-9A1E7A4F7556}") = "0094. Binary Tree Inorder Traversal (Easy)", "0094. Binary Tree Inorder Traversal (Easy)\0094. Binary Tree Inorder Traversal (Easy).csproj", "{9499F463-4F32-4BE7-A31D-290BC946774C}"
EndProject
Project("{9A19103F-16F7-4668-BE54-9A1E7A4F7556}") = "0100. Same Tree (Easy)", "0100. Same Tree (Easy)\0100. Same Tree (Easy).csproj", "{858F4A8F-1070-4E96-854B-4C3B13FED1DD}"
EndProject
Project("{9A19103F-16F7-4668-BE54-9A1E7A4F7556}") = "0101. Symmetric Tree (Easy)", "0101. Symmetric Tree (Easy)\0101. Symmetric Tree (Easy).csproj", "{1DB93AA5-E582-4139-B54B-7C7F0F243291}"
EndProject
Project("{9A19103F-16F7-4668-BE54-9A1E7A4F7556}") = "0104. Maximum Depth of Binary Tree (Easy)", "0104. Maximum Depth of Binary Tree (Easy)\0104. Maximum Depth of Binary Tree (Easy).csproj", "{8B674A68-563F-4183-A564-ED6494FE7D52}"
EndProject
Project("{9A19103F-16F7-4668-BE54-9A1E7A4F7556}") = "0108. Convert Sorted Array to Binary Search Tree (Easy)", "0108. Convert Sorted Array to Binary Search Tree (Easy)\0108. Convert Sorted Array to Binary Search Tree (Easy).csproj", "{297FC126-7836-459D-A38C-37DE4623C5B8}"
EndProject
Project("{9A19103F-16F7-4668-BE54-9A1E7A4F7556}") = "0110. Balanced Binary Tree (Easy)", "0110. Balanced Binary Tree (Easy)\0110. Balanced Binary Tree (Easy).csproj", "{3197CF6C-8A30-417F-A800-7AE105674ACB}"
EndProject
Project("{9A19103F-16F7-4668-BE54-9A1E7A4F7556}") = "0112. Path Sum (Easy)", "0112. Path Sum (Easy)\0112. Path Sum (Easy).csproj", "{479E5546-5649-449C-89D6-850DFE2C1DB6}"
EndProject
Project("{9A19103F-16F7-4668-BE54-9A1E7A4F7556}") = "1470. Shuffle the Array (Easy)", "1470. Shuffle the Array (Easy)\1470. Shuffle the Array (Easy).csproj", "{BC8CB05E-8813-4805-9204-D17707A213F5}"
EndProject
Project("{9A19103F-16F7-4668-BE54-9A1E7A4F7556}") = "0069. Sqrt(x) (Easy)", "0069. Sqrt(x) (Easy)\0069. Sqrt(x) (Easy).csproj", "{6213366A-7989-42B5-9E02-FC72822C05F6}"
EndProject
Project("{9A19103F-16F7-4668-BE54-9A1E7A4F7556}") = "0111. Minimum Depth of Binary Tree (Easy)", "0111. Minimum Depth of Binary Tree (Easy)\0111. Minimum Depth of Binary Tree (Easy).csproj", "{B6E05DA5-452D-48AE-9141-5D1F2EF4D57E}"
EndProject
Project("{9A19103F-16F7-4668-BE54-9A1E7A4F7556}") = "0904. Fruit Into Baskets (Med)", "0904. Fruit Into Baskets (Med)\0904. Fruit Into Baskets (Med).csproj", "{3138B02E-71BC-4F41-96F0-9CCE8AA597D6}"
EndProject
Project("{9A19103F-16F7-4668-BE54-9A1E7A4F7556}") = "0118. Pascal's Triangle (Easy)", "0118. Pascal's Triangle (Easy)\0118. Pascal's Triangle (Easy).csproj", "{34642F56-4F05-4688-B5FD-5255A8DA6166}"
EndProject
Project("{9A19103F-16F7-4668-BE54-9A1E7A4F7556}") = "0119. Pascal's Triangle II (Easy)", "0119. Pascal's Triangle II (Easy)\0119. Pascal's Triangle II (Easy).csproj", "{F6269415-4155-4858-933F-CE4900F922C8}"
EndProject
Project("{9A19103F-16F7-4668-BE54-9A1E7A4F7556}") = "0045. Jump Game II (Med)", "0045. Jump Game II (Med)\0045. Jump Game II (Med).csproj", "{83CDA62F-B65C-42E0-8FB1-B2044F75D53F}"
EndProject
Project("{9A19103F-16F7-4668-BE54-9A1E7A4F7556}") = "0121. Best Time to Buy and Sell Stock (Easy)", "0121. Best Time to Buy and Sell Stock (Easy)\0121. Best Time to Buy and Sell Stock (Easy).csproj", "{07D0A4D0-988F-4E0A-B19B-CD6348C256AE}"
EndProject
Project("{9A19103F-16F7-4668-BE54-9A1E7A4F7556}") = "0125. Valid Palindrome (Easy)", "0125. Valid Palindrome (Easy)\0125. Valid Palindrome (Easy).csproj", "{F67E5C12-7059-40E0-9AFA-B6C39EF7EB26}"
EndProject
Project("{9A19103F-16F7-4668-BE54-9A1E7A4F7556}") = "0136. Single Number (Easy)", "0136. Single Number (Easy)\0136. Single Number (Easy).csproj", "{0058E402-8367-4F99-A355-8459ECFFC575}"
EndProject
Project("{9A19103F-16F7-4668-BE54-9A1E7A4F7556}") = "0141. Linked List Cycle (Easy)", "0141. Linked List Cycle (Easy)\0141. Linked List Cycle (Easy).csproj", "{46B845A2-F9D1-42D4-B4E0-74A39A1B2950}"
EndProject
Project("{9A19103F-16F7-4668-BE54-9A1E7A4F7556}") = "0144. Binary Tree Preorder Traversal (Easy)", "0144. Binary Tree Preorder Traversal (Easy)\0144. Binary Tree Preorder Traversal (Easy).csproj", "{DE177BD2-81BE-4249-AE5A-E151EAFA0622}"
EndProject
Project("{9A19103F-16F7-4668-BE54-9A1E7A4F7556}") = "0145. Binary Tree Postorder Traversal (Easy)", "0145. Binary Tree Postorder Traversal (Easy)\0145. Binary Tree Postorder Traversal (Easy).csproj", "{C0E095B0-5B08-4BD6-BB3F-2B50403F754D}"
EndProject
Project("{9A19103F-16F7-4668-BE54-9A1E7A4F7556}") = "0160. Intersection of Two Linked Lists (Easy)", "0160. Intersection of Two Linked Lists (Easy)\0160. Intersection of Two Linked Lists (Easy).csproj", "{C1FAD83C-8EE6-468D-A8E5-C57E2C3193BA}"
EndProject
Project("{9A19103F-16F7-4668-BE54-9A1E7A4F7556}") = "1162. As Far from Land as Possible (Med)", "1162. As Far from Land as Possible (Med)\1162. As Far from Land as Possible (Med).csproj", "{D0768A55-C04E-4AEB-AE78-FF79CFBB7BEF}"
EndProject
Project("{9A19103F-16F7-4668-BE54-9A1E7A4F7556}") = "0168. Excel Sheet Column Title (Easy)", "0168. Excel Sheet Column Title (Easy)\0168. Excel Sheet Column Title (Easy).csproj", "{F8A295B8-1F82-40B3-AA41-52EDC97F8AE8}"
EndProject
Project("{9A19103F-16F7-4668-BE54-9A1E7A4F7556}") = "0169. Majority Element (Easy)", "0169. Majority Element (Easy)\0169. Majority Element (Easy).csproj", "{49F11941-1B9D-41F0-9667-E3C2503D0B56}"
EndProject
Project("{9A19103F-16F7-4668-BE54-9A1E7A4F7556}") = "0171. Excel Sheet Column Number (Easy)", "0171. Excel Sheet Column Number (Easy)\0171. Excel Sheet Column Number (Easy).csproj", "{BA6D5532-7574-4214-BEC9-F88E5D5F2FFD}"
EndProject
Project("{9A19103F-16F7-4668-BE54-9A1E7A4F7556}") = "0190. Reverse Bits (Easy)", "0190. Reverse Bits (Easy)\0190. Reverse Bits (Easy).csproj", "{6DE84A21-71F3-49B2-85AE-B3F6132645D0}"
EndProject
Project("{9A19103F-16F7-4668-BE54-9A1E7A4F7556}") = "0191. Number of 1 Bits (Easy)", "0191. Number of 1 Bits (Easy)\0191. Number of 1 Bits (Easy).csproj", "{267BE917-7267-4E4E-9DD6-CA3A1C7B4E00}"
EndProject
Project("{9A19103F-16F7-4668-BE54-9A1E7A4F7556}") = "0202. Happy Number (Easy)", "0202. Happy Number (Easy)\0202. Happy Number (Easy).csproj", "{B8157BDB-DD54-4FBA-9F51-BA1FF749CDF3}"
EndProject
Project("{9A19103F-16F7-4668-BE54-9A1E7A4F7556}") = "0203. Remove Linked List Elements (Easy)", "0203. Remove Linked List Elements (Easy)\0203. Remove Linked List Elements (Easy).csproj", "{B34712E5-6237-46B9-9C84-BCFD3EEC30AD}"
EndProject
Project("{9A19103F-16F7-4668-BE54-9A1E7A4F7556}") = "0205. Isomorphic Strings (Easy)", "0205. Isomorphic Strings (Easy)\0205. Isomorphic Strings (Easy).csproj", "{F8F6BEE0-68D9-4EB1-9270-BE07EDD303D6}"
EndProject
Project("{9A19103F-16F7-4668-BE54-9A1E7A4F7556}") = "0206. Reverse Linked List (Easy)", "0206. Reverse Linked List (Easy)\0206. Reverse Linked List (Easy).csproj", "{CF915772-7950-4DE8-9E7F-30D50C8CED28}"
EndProject
Project("{9A19103F-16F7-4668-BE54-9A1E7A4F7556}") = "0217. Contains Duplicate (Easy)", "0217. Contains Duplicate (Easy)\0217. Contains Duplicate (Easy).csproj", "{74A73448-27D0-4CBC-89E6-695569981CCF}"
EndProject
Project("{9A19103F-16F7-4668-BE54-9A1E7A4F7556}") = "0219. Contains Duplicate II (Easy)", "0219. Contains Duplicate II (Easy)\0219. Contains Duplicate II (Easy).csproj", "{7DE2793C-67F0-4492-8617-BF7DE28285C2}"
EndProject
Project("{9A19103F-16F7-4668-BE54-9A1E7A4F7556}") = "0225. Implement Stack using Queues (Easy)", "0225. Implement Stack using Queues (Easy)\0225. Implement Stack using Queues (Easy).csproj", "{8BDD4125-808F-4696-A07F-12092313366D}"
EndProject
Project("{9A19103F-16F7-4668-BE54-9A1E7A4F7556}") = "0226. Invert Binary Tree (Easy)", "0226. Invert Binary Tree (Easy)\0226. Invert Binary Tree (Easy).csproj", "{F07F9DDC-EE9D-49D4-86D3-27192A8F207F}"
EndProject
Project("{9A19103F-16F7-4668-BE54-9A1E7A4F7556}") = "0228. Summary Ranges (Easy)", "0228. Summary Ranges (Easy)\0228. Summary Ranges (Easy).csproj", "{9DE599D7-E234-4279-B155-CB09B9C21480}"
EndProject
Project("{9A19103F-16F7-4668-BE54-9A1E7A4F7556}") = "2562. Find the Array Concatenation Value (Easy)", "2562. Find the Array Concatenation Value (Easy)\2562. Find the Array Concatenation Value (Easy).csproj", "{5D296C45-401D-4714-B3C9-901816886ED3}"
EndProject
Project("{9A19103F-16F7-4668-BE54-9A1E7A4F7556}") = "1523. Count Odd Numbers in an Interval Range (Easy)", "1523. Count Odd Numbers in an Interval Range (Easy)\1523. Count Odd Numbers in an Interval Range (Easy).csproj", "{AE6A418B-5785-4A47-8E27-19EEA52D65D3}"
EndProject
Project("{9A19103F-16F7-4668-BE54-9A1E7A4F7556}") = "1491. Average Salary Excluding the Minimum and Maximum Salary (Easy)", "1491. Average Salary Excluding the Minimum and Maximum Salary (Easy)\1491. Average Salary Excluding the Minimum and Maximum Salary (Easy).csproj", "{C7DBEF04-264A-4D73-9085-0CC864898BE6}"
EndProject
Project("{9A19103F-16F7-4668-BE54-9A1E7A4F7556}") = "1281. Subtract the Product and Sum of Digits of an Integer (Easy)", "1281. Subtract the Product and Sum of Digits of an Integer (Easy)\1281. Subtract the Product and Sum of Digits of an Integer (Easy).csproj", "{113CB8EB-DBB0-46F1-9F5E-22BCFC98C7A9}"
EndProject
Project("{9A19103F-16F7-4668-BE54-9A1E7A4F7556}") = "2477. Minimum Fuel Cost to Report to the Capital (Med)", "2477. Minimum Fuel Cost to Report to the Capital (Med)\2477. Minimum Fuel Cost to Report to the Capital (Med).csproj", "{4693E042-A84F-4675-ACD2-2DB7D262B77B}"
EndProject
Project("{9A19103F-16F7-4668-BE54-9A1E7A4F7556}") = "0053. Maximum Subarray (Med)", "0053. Maximum Subarray (Med)\0053. Maximum Subarray (Med).csproj", "{5F8BF7F7-1E49-407D-BDE3-D41F144EF0E4}"
EndProject
Project("{9A19103F-16F7-4668-BE54-9A1E7A4F7556}") = "0976. Largest Perimeter Triangle (Easy)", "0976. Largest Perimeter Triangle (Easy)\0976. Largest Perimeter Triangle (Easy).csproj", "{07C9D7DB-6C64-40DA-9504-7BBCF65F476F}"
EndProject
Project("{9A19103F-16F7-4668-BE54-9A1E7A4F7556}") = "1779. Find Nearest Point That Has the Same X or Y Coordinate (Easy)", "1779. Find Nearest Point That Has the Same X or Y Coordinate (Easy)\1779. Find Nearest Point That Has the Same X or Y Coordinate (Easy).csproj", "{D0CA05D9-C00D-4DE0-A7F6-47CE46ECAD22}"
EndProject
Project("{9A19103F-16F7-4668-BE54-9A1E7A4F7556}") = "0989. Add to Array-Form of Integer (Easy)", "0989. Add to Array-Form of Integer (Easy)\0989. Add to Array-Form of Integer (Easy).csproj", "{3BEC561F-3EA3-4D94-9E14-E12CC8A9932D}"
EndProject
Project("{9A19103F-16F7-4668-BE54-9A1E7A4F7556}") = "1822. Sign of the Product of an Array (Easy)", "1822. Sign of the Product of an Array (Easy)\1822. Sign of the Product of an Array (Easy).csproj", "{AE8280CB-1977-4502-BAAF-156F2DB3624C}"
EndProject
Project("{9A19103F-16F7-4668-BE54-9A1E7A4F7556}") = "1502. Can Make Arithmetic Progression From Sequence (Easy)", "1502. Can Make Arithmetic Progression From Sequence (Easy)\1502. Can Make Arithmetic Progression From Sequence (Easy).csproj", "{8627F03F-5155-4C6F-AFEF-C92FC073F7B3}"
EndProject
Project("{9A19103F-16F7-4668-BE54-9A1E7A4F7556}") = "1790. Check if One String Swap Can Make Strings Equal (Easy)", "1790. Check if One String Swap Can Make Strings Equal (Easy)\1790. Check if One String Swap Can Make Strings Equal (Easy).csproj", "{4963EB9E-7075-43C3-BC01-172F2ADC505C}"
EndProject
Project("{9A19103F-16F7-4668-BE54-9A1E7A4F7556}") = "0350. Intersection of Two Arrays II (Easy)", "0350. Intersection of Two Arrays II (Easy)\0350. Intersection of Two Arrays II (Easy).csproj", "{94753534-AE42-4D52-B49B-B601A082E835}"
EndProject
Project("{9A19103F-16F7-4668-BE54-9A1E7A4F7556}") = "0011. Container With Most Water (Med)", "0011. Container With Most Water (Med)\0011. Container With Most Water (Med).csproj", "{24EFF7CE-8FA4-4CCA-B268-33141AD29E21}"
EndProject
Project("{9A19103F-16F7-4668-BE54-9A1E7A4F7556}") = "0015. 3Sum (Med)", "0015. 3Sum (Med)\0015. 3Sum (Med).csproj", "{923B735F-F5D8-4A4C-B68D-D1E52139C5EE}"
EndProject
Project("{9A19103F-16F7-4668-BE54-9A1E7A4F7556}") = "0589. N-ary Tree Preorder Traversal (Easy)", "0589. N-ary Tree Preorder Traversal (Easy)\0589. N-ary Tree Preorder Traversal (Easy).csproj", "{40905E9E-6430-439A-9F59-EDAF1685F4EA}"
EndProject
Project("{9A19103F-16F7-4668-BE54-9A1E7A4F7556}") = "0496. Next Greater Element I (Easy)", "0496. Next Greater Element I (Easy)\0496. Next Greater Element I (Easy).csproj", "{443C013A-7A81-4863-9577-B6AA1931159B}"
EndProject
Project("{9A19103F-16F7-4668-BE54-9A1E7A4F7556}") = "1232. Check If It Is a Straight Line (Easy)", "1232. Check If It Is a Straight Line (Easy)\1232. Check If It Is a Straight Line (Easy).csproj", "{CE3096DC-F6F6-4AC4-B3F3-EAFF42E1E28A}"
EndProject
Project("{9A19103F-16F7-4668-BE54-9A1E7A4F7556}") = "0566. Reshape the Matrix (Easy)", "0566. Reshape the Matrix (Easy)\0566. Reshape the Matrix (Easy).csproj", "{9743EDA3-B182-4F5C-8E58-F94A245AB784}"
EndProject
Project("{9A19103F-16F7-4668-BE54-9A1E7A4F7556}") = "0783. Minimum Distance Between BST Nodes (Easy)", "0783. Minimum Distance Between BST Nodes (Easy)\0783. Minimum Distance Between BST Nodes (Easy).csproj", "{27C0A828-17F8-4B45-9D73-D0FFB68856EE}"
EndProject
Project("{9A19103F-16F7-4668-BE54-9A1E7A4F7556}") = "1588. Sum of All Odd Length Subarrays (Easy)", "1588. Sum of All Odd Length Subarrays (Easy)\1588. Sum of All Odd Length Subarrays (Easy).csproj", "{27440FC9-221E-4C03-844B-4995ED0A1F31}"
EndProject
Project("{9A19103F-16F7-4668-BE54-9A1E7A4F7556}") = "0283. Move Zeroes (Easy)", "0283. Move Zeroes (Easy)\0283. Move Zeroes (Easy).csproj", "{698B77E7-FE8B-41C2-89D9-82CCD4BFAFD0}"
EndProject
Project("{9A19103F-16F7-4668-BE54-9A1E7A4F7556}") = "1672. Richest Customer Wealth (Easy)", "1672. Richest Customer Wealth (Easy)\1672. Richest Customer Wealth (Easy).csproj", "{98B2970F-E815-4B07-8E7D-C6002D3E8D4F}"
EndProject
Project("{9A19103F-16F7-4668-BE54-9A1E7A4F7556}") = "0036. Valid Sudoku (Med)", "0036. Valid Sudoku (Med)\0036. Valid Sudoku (Med).csproj", "{7D2D805B-DEBF-4D62-AB01-AEF1428A66B4}"
EndProject
Project("{9A19103F-16F7-4668-BE54-9A1E7A4F7556}") = "0074. Search a 2D Matrix (Med)", "0074. Search a 2D Matrix (Med)\0074. Search a 2D Matrix (Med).csproj", "{E0785E66-07B2-4BDA-BA17-CA88958C7CFE}"
EndProject
Project("{FAE04EC0-301F-11D3-BF4B-00C04F79EFBC}") = "1572. Matrix Diagonal Sum (Easy)", "1572. Matrix Diagonal Sum (Easy)\1572. Matrix Diagonal Sum (Easy).csproj", "{8C761415-8FE7-4AFB-8675-C7E3DA751489}"
EndProject
Project("{FAE04EC0-301F-11D3-BF4B-00C04F79EFBC}") = "0387. First Unique Character in a String (Easy)", "0387. First Unique Character in a String (Easy)\0387. First Unique Character in a String (Easy).csproj", "{0DD69A49-D954-4669-A6E1-8048CE63318E}"
EndProject
Project("{FAE04EC0-301F-11D3-BF4B-00C04F79EFBC}") = "0383. Ransom Note (Easy)", "0383. Ransom Note (Easy)\0383. Ransom Note (Easy).csproj", "{CC8624F6-41F1-4D6B-87F3-10E87F337E23}"
EndProject
Project("{FAE04EC0-301F-11D3-BF4B-00C04F79EFBC}") = "0242. Valid Anagram (Easy)", "0242. Valid Anagram (Easy)\0242. Valid Anagram (Easy).csproj", "{D03435A4-4796-4251-87E3-D039529D8836}"
EndProject
Project("{FAE04EC0-301F-11D3-BF4B-00C04F79EFBC}") = "2563. Count the Number of Fair Pairs (Med)", "2563. Count the Number of Fair Pairs (Med)\2563. Count the Number of Fair Pairs (Med).csproj", "{27713975-5770-4FC3-9048-1B1F6496A7BE}"
EndProject
Global
	GlobalSection(SolutionConfigurationPlatforms) = preSolution
		Debug|Any CPU = Debug|Any CPU
		Release|Any CPU = Release|Any CPU
	EndGlobalSection
	GlobalSection(ProjectConfigurationPlatforms) = postSolution
		{1832142D-F0EC-417A-9541-B24BA308AB22}.Debug|Any CPU.ActiveCfg = Debug|Any CPU
		{1832142D-F0EC-417A-9541-B24BA308AB22}.Debug|Any CPU.Build.0 = Debug|Any CPU
		{1832142D-F0EC-417A-9541-B24BA308AB22}.Release|Any CPU.ActiveCfg = Release|Any CPU
		{1832142D-F0EC-417A-9541-B24BA308AB22}.Release|Any CPU.Build.0 = Release|Any CPU
		{E5DCC3E0-3D90-4EEB-A72E-89ADA607994D}.Debug|Any CPU.ActiveCfg = Debug|Any CPU
		{E5DCC3E0-3D90-4EEB-A72E-89ADA607994D}.Debug|Any CPU.Build.0 = Debug|Any CPU
		{E5DCC3E0-3D90-4EEB-A72E-89ADA607994D}.Release|Any CPU.ActiveCfg = Release|Any CPU
		{E5DCC3E0-3D90-4EEB-A72E-89ADA607994D}.Release|Any CPU.Build.0 = Release|Any CPU
		{89F6A4FE-C0BB-4E5C-90FC-A42A8C28CCEC}.Debug|Any CPU.ActiveCfg = Debug|Any CPU
		{89F6A4FE-C0BB-4E5C-90FC-A42A8C28CCEC}.Debug|Any CPU.Build.0 = Debug|Any CPU
		{89F6A4FE-C0BB-4E5C-90FC-A42A8C28CCEC}.Release|Any CPU.ActiveCfg = Release|Any CPU
		{89F6A4FE-C0BB-4E5C-90FC-A42A8C28CCEC}.Release|Any CPU.Build.0 = Release|Any CPU
		{7A6A2940-55CD-482D-9EE7-E683E08EF79A}.Debug|Any CPU.ActiveCfg = Debug|Any CPU
		{7A6A2940-55CD-482D-9EE7-E683E08EF79A}.Debug|Any CPU.Build.0 = Debug|Any CPU
		{7A6A2940-55CD-482D-9EE7-E683E08EF79A}.Release|Any CPU.ActiveCfg = Release|Any CPU
		{7A6A2940-55CD-482D-9EE7-E683E08EF79A}.Release|Any CPU.Build.0 = Release|Any CPU
		{668ECAFB-8C47-496D-950A-E201BB435928}.Debug|Any CPU.ActiveCfg = Debug|Any CPU
		{668ECAFB-8C47-496D-950A-E201BB435928}.Debug|Any CPU.Build.0 = Debug|Any CPU
		{668ECAFB-8C47-496D-950A-E201BB435928}.Release|Any CPU.ActiveCfg = Release|Any CPU
		{668ECAFB-8C47-496D-950A-E201BB435928}.Release|Any CPU.Build.0 = Release|Any CPU
		{D2942603-2600-43EE-A043-545A0A1B8086}.Debug|Any CPU.ActiveCfg = Debug|Any CPU
		{D2942603-2600-43EE-A043-545A0A1B8086}.Debug|Any CPU.Build.0 = Debug|Any CPU
		{D2942603-2600-43EE-A043-545A0A1B8086}.Release|Any CPU.ActiveCfg = Release|Any CPU
		{D2942603-2600-43EE-A043-545A0A1B8086}.Release|Any CPU.Build.0 = Release|Any CPU
		{B1B5E525-2A21-4C8E-B3D2-4DE6604B508C}.Debug|Any CPU.ActiveCfg = Debug|Any CPU
		{B1B5E525-2A21-4C8E-B3D2-4DE6604B508C}.Debug|Any CPU.Build.0 = Debug|Any CPU
		{B1B5E525-2A21-4C8E-B3D2-4DE6604B508C}.Release|Any CPU.ActiveCfg = Release|Any CPU
		{B1B5E525-2A21-4C8E-B3D2-4DE6604B508C}.Release|Any CPU.Build.0 = Release|Any CPU
		{B6B8CBC9-64CF-432B-AA6B-C3E7272A1B00}.Debug|Any CPU.ActiveCfg = Debug|Any CPU
		{B6B8CBC9-64CF-432B-AA6B-C3E7272A1B00}.Debug|Any CPU.Build.0 = Debug|Any CPU
		{B6B8CBC9-64CF-432B-AA6B-C3E7272A1B00}.Release|Any CPU.ActiveCfg = Release|Any CPU
		{B6B8CBC9-64CF-432B-AA6B-C3E7272A1B00}.Release|Any CPU.Build.0 = Release|Any CPU
		{7CB325A4-9969-44DA-B071-3F0C8E370FB8}.Debug|Any CPU.ActiveCfg = Debug|Any CPU
		{7CB325A4-9969-44DA-B071-3F0C8E370FB8}.Debug|Any CPU.Build.0 = Debug|Any CPU
		{7CB325A4-9969-44DA-B071-3F0C8E370FB8}.Release|Any CPU.ActiveCfg = Release|Any CPU
		{7CB325A4-9969-44DA-B071-3F0C8E370FB8}.Release|Any CPU.Build.0 = Release|Any CPU
		{81C8F8D0-B308-41C3-9B15-7069F7FF5DB3}.Debug|Any CPU.ActiveCfg = Debug|Any CPU
		{81C8F8D0-B308-41C3-9B15-7069F7FF5DB3}.Debug|Any CPU.Build.0 = Debug|Any CPU
		{81C8F8D0-B308-41C3-9B15-7069F7FF5DB3}.Release|Any CPU.ActiveCfg = Release|Any CPU
		{81C8F8D0-B308-41C3-9B15-7069F7FF5DB3}.Release|Any CPU.Build.0 = Release|Any CPU
		{8F1AC629-0CAE-4DC9-8168-9F5AF4754C89}.Debug|Any CPU.ActiveCfg = Debug|Any CPU
		{8F1AC629-0CAE-4DC9-8168-9F5AF4754C89}.Debug|Any CPU.Build.0 = Debug|Any CPU
		{8F1AC629-0CAE-4DC9-8168-9F5AF4754C89}.Release|Any CPU.ActiveCfg = Release|Any CPU
		{8F1AC629-0CAE-4DC9-8168-9F5AF4754C89}.Release|Any CPU.Build.0 = Release|Any CPU
		{55DC7F37-481B-47FF-84DA-B651EF6B4795}.Debug|Any CPU.ActiveCfg = Debug|Any CPU
		{55DC7F37-481B-47FF-84DA-B651EF6B4795}.Debug|Any CPU.Build.0 = Debug|Any CPU
		{55DC7F37-481B-47FF-84DA-B651EF6B4795}.Release|Any CPU.ActiveCfg = Release|Any CPU
		{55DC7F37-481B-47FF-84DA-B651EF6B4795}.Release|Any CPU.Build.0 = Release|Any CPU
		{DEB0804A-BD26-4297-8314-8890DA260639}.Debug|Any CPU.ActiveCfg = Debug|Any CPU
		{DEB0804A-BD26-4297-8314-8890DA260639}.Debug|Any CPU.Build.0 = Debug|Any CPU
		{DEB0804A-BD26-4297-8314-8890DA260639}.Release|Any CPU.ActiveCfg = Release|Any CPU
		{DEB0804A-BD26-4297-8314-8890DA260639}.Release|Any CPU.Build.0 = Release|Any CPU
		{3DEAE6CB-EFD8-4E67-8EAD-4A02B96C2AE3}.Debug|Any CPU.ActiveCfg = Debug|Any CPU
		{3DEAE6CB-EFD8-4E67-8EAD-4A02B96C2AE3}.Debug|Any CPU.Build.0 = Debug|Any CPU
		{3DEAE6CB-EFD8-4E67-8EAD-4A02B96C2AE3}.Release|Any CPU.ActiveCfg = Release|Any CPU
		{3DEAE6CB-EFD8-4E67-8EAD-4A02B96C2AE3}.Release|Any CPU.Build.0 = Release|Any CPU
		{A110221D-9DB9-411F-8830-AE3BE2FABCA6}.Debug|Any CPU.ActiveCfg = Debug|Any CPU
		{A110221D-9DB9-411F-8830-AE3BE2FABCA6}.Debug|Any CPU.Build.0 = Debug|Any CPU
		{A110221D-9DB9-411F-8830-AE3BE2FABCA6}.Release|Any CPU.ActiveCfg = Release|Any CPU
		{A110221D-9DB9-411F-8830-AE3BE2FABCA6}.Release|Any CPU.Build.0 = Release|Any CPU
		{9499F463-4F32-4BE7-A31D-290BC946774C}.Debug|Any CPU.ActiveCfg = Debug|Any CPU
		{9499F463-4F32-4BE7-A31D-290BC946774C}.Debug|Any CPU.Build.0 = Debug|Any CPU
		{9499F463-4F32-4BE7-A31D-290BC946774C}.Release|Any CPU.ActiveCfg = Release|Any CPU
		{9499F463-4F32-4BE7-A31D-290BC946774C}.Release|Any CPU.Build.0 = Release|Any CPU
		{858F4A8F-1070-4E96-854B-4C3B13FED1DD}.Debug|Any CPU.ActiveCfg = Debug|Any CPU
		{858F4A8F-1070-4E96-854B-4C3B13FED1DD}.Debug|Any CPU.Build.0 = Debug|Any CPU
		{858F4A8F-1070-4E96-854B-4C3B13FED1DD}.Release|Any CPU.ActiveCfg = Release|Any CPU
		{858F4A8F-1070-4E96-854B-4C3B13FED1DD}.Release|Any CPU.Build.0 = Release|Any CPU
		{1DB93AA5-E582-4139-B54B-7C7F0F243291}.Debug|Any CPU.ActiveCfg = Debug|Any CPU
		{1DB93AA5-E582-4139-B54B-7C7F0F243291}.Debug|Any CPU.Build.0 = Debug|Any CPU
		{1DB93AA5-E582-4139-B54B-7C7F0F243291}.Release|Any CPU.ActiveCfg = Release|Any CPU
		{1DB93AA5-E582-4139-B54B-7C7F0F243291}.Release|Any CPU.Build.0 = Release|Any CPU
		{8B674A68-563F-4183-A564-ED6494FE7D52}.Debug|Any CPU.ActiveCfg = Debug|Any CPU
		{8B674A68-563F-4183-A564-ED6494FE7D52}.Debug|Any CPU.Build.0 = Debug|Any CPU
		{8B674A68-563F-4183-A564-ED6494FE7D52}.Release|Any CPU.ActiveCfg = Release|Any CPU
		{8B674A68-563F-4183-A564-ED6494FE7D52}.Release|Any CPU.Build.0 = Release|Any CPU
		{297FC126-7836-459D-A38C-37DE4623C5B8}.Debug|Any CPU.ActiveCfg = Debug|Any CPU
		{297FC126-7836-459D-A38C-37DE4623C5B8}.Debug|Any CPU.Build.0 = Debug|Any CPU
		{297FC126-7836-459D-A38C-37DE4623C5B8}.Release|Any CPU.ActiveCfg = Release|Any CPU
		{297FC126-7836-459D-A38C-37DE4623C5B8}.Release|Any CPU.Build.0 = Release|Any CPU
		{3197CF6C-8A30-417F-A800-7AE105674ACB}.Debug|Any CPU.ActiveCfg = Debug|Any CPU
		{3197CF6C-8A30-417F-A800-7AE105674ACB}.Debug|Any CPU.Build.0 = Debug|Any CPU
		{3197CF6C-8A30-417F-A800-7AE105674ACB}.Release|Any CPU.ActiveCfg = Release|Any CPU
		{3197CF6C-8A30-417F-A800-7AE105674ACB}.Release|Any CPU.Build.0 = Release|Any CPU
		{479E5546-5649-449C-89D6-850DFE2C1DB6}.Debug|Any CPU.ActiveCfg = Debug|Any CPU
		{479E5546-5649-449C-89D6-850DFE2C1DB6}.Debug|Any CPU.Build.0 = Debug|Any CPU
		{479E5546-5649-449C-89D6-850DFE2C1DB6}.Release|Any CPU.ActiveCfg = Release|Any CPU
		{479E5546-5649-449C-89D6-850DFE2C1DB6}.Release|Any CPU.Build.0 = Release|Any CPU
		{BC8CB05E-8813-4805-9204-D17707A213F5}.Debug|Any CPU.ActiveCfg = Debug|Any CPU
		{BC8CB05E-8813-4805-9204-D17707A213F5}.Debug|Any CPU.Build.0 = Debug|Any CPU
		{BC8CB05E-8813-4805-9204-D17707A213F5}.Release|Any CPU.ActiveCfg = Release|Any CPU
		{BC8CB05E-8813-4805-9204-D17707A213F5}.Release|Any CPU.Build.0 = Release|Any CPU
		{6213366A-7989-42B5-9E02-FC72822C05F6}.Debug|Any CPU.ActiveCfg = Debug|Any CPU
		{6213366A-7989-42B5-9E02-FC72822C05F6}.Debug|Any CPU.Build.0 = Debug|Any CPU
		{6213366A-7989-42B5-9E02-FC72822C05F6}.Release|Any CPU.ActiveCfg = Release|Any CPU
		{6213366A-7989-42B5-9E02-FC72822C05F6}.Release|Any CPU.Build.0 = Release|Any CPU
		{B6E05DA5-452D-48AE-9141-5D1F2EF4D57E}.Debug|Any CPU.ActiveCfg = Debug|Any CPU
		{B6E05DA5-452D-48AE-9141-5D1F2EF4D57E}.Debug|Any CPU.Build.0 = Debug|Any CPU
		{B6E05DA5-452D-48AE-9141-5D1F2EF4D57E}.Release|Any CPU.ActiveCfg = Release|Any CPU
		{B6E05DA5-452D-48AE-9141-5D1F2EF4D57E}.Release|Any CPU.Build.0 = Release|Any CPU
		{3138B02E-71BC-4F41-96F0-9CCE8AA597D6}.Debug|Any CPU.ActiveCfg = Debug|Any CPU
		{3138B02E-71BC-4F41-96F0-9CCE8AA597D6}.Debug|Any CPU.Build.0 = Debug|Any CPU
		{3138B02E-71BC-4F41-96F0-9CCE8AA597D6}.Release|Any CPU.ActiveCfg = Release|Any CPU
		{3138B02E-71BC-4F41-96F0-9CCE8AA597D6}.Release|Any CPU.Build.0 = Release|Any CPU
		{34642F56-4F05-4688-B5FD-5255A8DA6166}.Debug|Any CPU.ActiveCfg = Debug|Any CPU
		{34642F56-4F05-4688-B5FD-5255A8DA6166}.Debug|Any CPU.Build.0 = Debug|Any CPU
		{34642F56-4F05-4688-B5FD-5255A8DA6166}.Release|Any CPU.ActiveCfg = Release|Any CPU
		{34642F56-4F05-4688-B5FD-5255A8DA6166}.Release|Any CPU.Build.0 = Release|Any CPU
		{F6269415-4155-4858-933F-CE4900F922C8}.Debug|Any CPU.ActiveCfg = Debug|Any CPU
		{F6269415-4155-4858-933F-CE4900F922C8}.Debug|Any CPU.Build.0 = Debug|Any CPU
		{F6269415-4155-4858-933F-CE4900F922C8}.Release|Any CPU.ActiveCfg = Release|Any CPU
		{F6269415-4155-4858-933F-CE4900F922C8}.Release|Any CPU.Build.0 = Release|Any CPU
		{83CDA62F-B65C-42E0-8FB1-B2044F75D53F}.Debug|Any CPU.ActiveCfg = Debug|Any CPU
		{83CDA62F-B65C-42E0-8FB1-B2044F75D53F}.Debug|Any CPU.Build.0 = Debug|Any CPU
		{83CDA62F-B65C-42E0-8FB1-B2044F75D53F}.Release|Any CPU.ActiveCfg = Release|Any CPU
		{83CDA62F-B65C-42E0-8FB1-B2044F75D53F}.Release|Any CPU.Build.0 = Release|Any CPU
		{07D0A4D0-988F-4E0A-B19B-CD6348C256AE}.Debug|Any CPU.ActiveCfg = Debug|Any CPU
		{07D0A4D0-988F-4E0A-B19B-CD6348C256AE}.Debug|Any CPU.Build.0 = Debug|Any CPU
		{07D0A4D0-988F-4E0A-B19B-CD6348C256AE}.Release|Any CPU.ActiveCfg = Release|Any CPU
		{07D0A4D0-988F-4E0A-B19B-CD6348C256AE}.Release|Any CPU.Build.0 = Release|Any CPU
		{F67E5C12-7059-40E0-9AFA-B6C39EF7EB26}.Debug|Any CPU.ActiveCfg = Debug|Any CPU
		{F67E5C12-7059-40E0-9AFA-B6C39EF7EB26}.Debug|Any CPU.Build.0 = Debug|Any CPU
		{F67E5C12-7059-40E0-9AFA-B6C39EF7EB26}.Release|Any CPU.ActiveCfg = Release|Any CPU
		{F67E5C12-7059-40E0-9AFA-B6C39EF7EB26}.Release|Any CPU.Build.0 = Release|Any CPU
		{0058E402-8367-4F99-A355-8459ECFFC575}.Debug|Any CPU.ActiveCfg = Debug|Any CPU
		{0058E402-8367-4F99-A355-8459ECFFC575}.Debug|Any CPU.Build.0 = Debug|Any CPU
		{0058E402-8367-4F99-A355-8459ECFFC575}.Release|Any CPU.ActiveCfg = Release|Any CPU
		{0058E402-8367-4F99-A355-8459ECFFC575}.Release|Any CPU.Build.0 = Release|Any CPU
		{46B845A2-F9D1-42D4-B4E0-74A39A1B2950}.Debug|Any CPU.ActiveCfg = Debug|Any CPU
		{46B845A2-F9D1-42D4-B4E0-74A39A1B2950}.Debug|Any CPU.Build.0 = Debug|Any CPU
		{46B845A2-F9D1-42D4-B4E0-74A39A1B2950}.Release|Any CPU.ActiveCfg = Release|Any CPU
		{46B845A2-F9D1-42D4-B4E0-74A39A1B2950}.Release|Any CPU.Build.0 = Release|Any CPU
		{DE177BD2-81BE-4249-AE5A-E151EAFA0622}.Debug|Any CPU.ActiveCfg = Debug|Any CPU
		{DE177BD2-81BE-4249-AE5A-E151EAFA0622}.Debug|Any CPU.Build.0 = Debug|Any CPU
		{DE177BD2-81BE-4249-AE5A-E151EAFA0622}.Release|Any CPU.ActiveCfg = Release|Any CPU
		{DE177BD2-81BE-4249-AE5A-E151EAFA0622}.Release|Any CPU.Build.0 = Release|Any CPU
		{C0E095B0-5B08-4BD6-BB3F-2B50403F754D}.Debug|Any CPU.ActiveCfg = Debug|Any CPU
		{C0E095B0-5B08-4BD6-BB3F-2B50403F754D}.Debug|Any CPU.Build.0 = Debug|Any CPU
		{C0E095B0-5B08-4BD6-BB3F-2B50403F754D}.Release|Any CPU.ActiveCfg = Release|Any CPU
		{C0E095B0-5B08-4BD6-BB3F-2B50403F754D}.Release|Any CPU.Build.0 = Release|Any CPU
		{C1FAD83C-8EE6-468D-A8E5-C57E2C3193BA}.Debug|Any CPU.ActiveCfg = Debug|Any CPU
		{C1FAD83C-8EE6-468D-A8E5-C57E2C3193BA}.Debug|Any CPU.Build.0 = Debug|Any CPU
		{C1FAD83C-8EE6-468D-A8E5-C57E2C3193BA}.Release|Any CPU.ActiveCfg = Release|Any CPU
		{C1FAD83C-8EE6-468D-A8E5-C57E2C3193BA}.Release|Any CPU.Build.0 = Release|Any CPU
		{D0768A55-C04E-4AEB-AE78-FF79CFBB7BEF}.Debug|Any CPU.ActiveCfg = Debug|Any CPU
		{D0768A55-C04E-4AEB-AE78-FF79CFBB7BEF}.Debug|Any CPU.Build.0 = Debug|Any CPU
		{D0768A55-C04E-4AEB-AE78-FF79CFBB7BEF}.Release|Any CPU.ActiveCfg = Release|Any CPU
		{D0768A55-C04E-4AEB-AE78-FF79CFBB7BEF}.Release|Any CPU.Build.0 = Release|Any CPU
		{F8A295B8-1F82-40B3-AA41-52EDC97F8AE8}.Debug|Any CPU.ActiveCfg = Debug|Any CPU
		{F8A295B8-1F82-40B3-AA41-52EDC97F8AE8}.Debug|Any CPU.Build.0 = Debug|Any CPU
		{F8A295B8-1F82-40B3-AA41-52EDC97F8AE8}.Release|Any CPU.ActiveCfg = Release|Any CPU
		{F8A295B8-1F82-40B3-AA41-52EDC97F8AE8}.Release|Any CPU.Build.0 = Release|Any CPU
		{49F11941-1B9D-41F0-9667-E3C2503D0B56}.Debug|Any CPU.ActiveCfg = Debug|Any CPU
		{49F11941-1B9D-41F0-9667-E3C2503D0B56}.Debug|Any CPU.Build.0 = Debug|Any CPU
		{49F11941-1B9D-41F0-9667-E3C2503D0B56}.Release|Any CPU.ActiveCfg = Release|Any CPU
		{49F11941-1B9D-41F0-9667-E3C2503D0B56}.Release|Any CPU.Build.0 = Release|Any CPU
		{BA6D5532-7574-4214-BEC9-F88E5D5F2FFD}.Debug|Any CPU.ActiveCfg = Debug|Any CPU
		{BA6D5532-7574-4214-BEC9-F88E5D5F2FFD}.Debug|Any CPU.Build.0 = Debug|Any CPU
		{BA6D5532-7574-4214-BEC9-F88E5D5F2FFD}.Release|Any CPU.ActiveCfg = Release|Any CPU
		{BA6D5532-7574-4214-BEC9-F88E5D5F2FFD}.Release|Any CPU.Build.0 = Release|Any CPU
		{6DE84A21-71F3-49B2-85AE-B3F6132645D0}.Debug|Any CPU.ActiveCfg = Debug|Any CPU
		{6DE84A21-71F3-49B2-85AE-B3F6132645D0}.Debug|Any CPU.Build.0 = Debug|Any CPU
		{6DE84A21-71F3-49B2-85AE-B3F6132645D0}.Release|Any CPU.ActiveCfg = Release|Any CPU
		{6DE84A21-71F3-49B2-85AE-B3F6132645D0}.Release|Any CPU.Build.0 = Release|Any CPU
		{267BE917-7267-4E4E-9DD6-CA3A1C7B4E00}.Debug|Any CPU.ActiveCfg = Debug|Any CPU
		{267BE917-7267-4E4E-9DD6-CA3A1C7B4E00}.Debug|Any CPU.Build.0 = Debug|Any CPU
		{267BE917-7267-4E4E-9DD6-CA3A1C7B4E00}.Release|Any CPU.ActiveCfg = Release|Any CPU
		{267BE917-7267-4E4E-9DD6-CA3A1C7B4E00}.Release|Any CPU.Build.0 = Release|Any CPU
		{B8157BDB-DD54-4FBA-9F51-BA1FF749CDF3}.Debug|Any CPU.ActiveCfg = Debug|Any CPU
		{B8157BDB-DD54-4FBA-9F51-BA1FF749CDF3}.Debug|Any CPU.Build.0 = Debug|Any CPU
		{B8157BDB-DD54-4FBA-9F51-BA1FF749CDF3}.Release|Any CPU.ActiveCfg = Release|Any CPU
		{B8157BDB-DD54-4FBA-9F51-BA1FF749CDF3}.Release|Any CPU.Build.0 = Release|Any CPU
		{B34712E5-6237-46B9-9C84-BCFD3EEC30AD}.Debug|Any CPU.ActiveCfg = Debug|Any CPU
		{B34712E5-6237-46B9-9C84-BCFD3EEC30AD}.Debug|Any CPU.Build.0 = Debug|Any CPU
		{B34712E5-6237-46B9-9C84-BCFD3EEC30AD}.Release|Any CPU.ActiveCfg = Release|Any CPU
		{B34712E5-6237-46B9-9C84-BCFD3EEC30AD}.Release|Any CPU.Build.0 = Release|Any CPU
		{F8F6BEE0-68D9-4EB1-9270-BE07EDD303D6}.Debug|Any CPU.ActiveCfg = Debug|Any CPU
		{F8F6BEE0-68D9-4EB1-9270-BE07EDD303D6}.Debug|Any CPU.Build.0 = Debug|Any CPU
		{F8F6BEE0-68D9-4EB1-9270-BE07EDD303D6}.Release|Any CPU.ActiveCfg = Release|Any CPU
		{F8F6BEE0-68D9-4EB1-9270-BE07EDD303D6}.Release|Any CPU.Build.0 = Release|Any CPU
		{CF915772-7950-4DE8-9E7F-30D50C8CED28}.Debug|Any CPU.ActiveCfg = Debug|Any CPU
		{CF915772-7950-4DE8-9E7F-30D50C8CED28}.Debug|Any CPU.Build.0 = Debug|Any CPU
		{CF915772-7950-4DE8-9E7F-30D50C8CED28}.Release|Any CPU.ActiveCfg = Release|Any CPU
		{CF915772-7950-4DE8-9E7F-30D50C8CED28}.Release|Any CPU.Build.0 = Release|Any CPU
		{74A73448-27D0-4CBC-89E6-695569981CCF}.Debug|Any CPU.ActiveCfg = Debug|Any CPU
		{74A73448-27D0-4CBC-89E6-695569981CCF}.Debug|Any CPU.Build.0 = Debug|Any CPU
		{74A73448-27D0-4CBC-89E6-695569981CCF}.Release|Any CPU.ActiveCfg = Release|Any CPU
		{74A73448-27D0-4CBC-89E6-695569981CCF}.Release|Any CPU.Build.0 = Release|Any CPU
		{7DE2793C-67F0-4492-8617-BF7DE28285C2}.Debug|Any CPU.ActiveCfg = Debug|Any CPU
		{7DE2793C-67F0-4492-8617-BF7DE28285C2}.Debug|Any CPU.Build.0 = Debug|Any CPU
		{7DE2793C-67F0-4492-8617-BF7DE28285C2}.Release|Any CPU.ActiveCfg = Release|Any CPU
		{7DE2793C-67F0-4492-8617-BF7DE28285C2}.Release|Any CPU.Build.0 = Release|Any CPU
		{8BDD4125-808F-4696-A07F-12092313366D}.Debug|Any CPU.ActiveCfg = Debug|Any CPU
		{8BDD4125-808F-4696-A07F-12092313366D}.Debug|Any CPU.Build.0 = Debug|Any CPU
		{8BDD4125-808F-4696-A07F-12092313366D}.Release|Any CPU.ActiveCfg = Release|Any CPU
		{8BDD4125-808F-4696-A07F-12092313366D}.Release|Any CPU.Build.0 = Release|Any CPU
		{F07F9DDC-EE9D-49D4-86D3-27192A8F207F}.Debug|Any CPU.ActiveCfg = Debug|Any CPU
		{F07F9DDC-EE9D-49D4-86D3-27192A8F207F}.Debug|Any CPU.Build.0 = Debug|Any CPU
		{F07F9DDC-EE9D-49D4-86D3-27192A8F207F}.Release|Any CPU.ActiveCfg = Release|Any CPU
		{F07F9DDC-EE9D-49D4-86D3-27192A8F207F}.Release|Any CPU.Build.0 = Release|Any CPU
		{9DE599D7-E234-4279-B155-CB09B9C21480}.Debug|Any CPU.ActiveCfg = Debug|Any CPU
		{9DE599D7-E234-4279-B155-CB09B9C21480}.Debug|Any CPU.Build.0 = Debug|Any CPU
		{9DE599D7-E234-4279-B155-CB09B9C21480}.Release|Any CPU.ActiveCfg = Release|Any CPU
		{9DE599D7-E234-4279-B155-CB09B9C21480}.Release|Any CPU.Build.0 = Release|Any CPU
		{5D296C45-401D-4714-B3C9-901816886ED3}.Debug|Any CPU.ActiveCfg = Debug|Any CPU
		{5D296C45-401D-4714-B3C9-901816886ED3}.Debug|Any CPU.Build.0 = Debug|Any CPU
		{5D296C45-401D-4714-B3C9-901816886ED3}.Release|Any CPU.ActiveCfg = Release|Any CPU
		{5D296C45-401D-4714-B3C9-901816886ED3}.Release|Any CPU.Build.0 = Release|Any CPU
		{AE6A418B-5785-4A47-8E27-19EEA52D65D3}.Debug|Any CPU.ActiveCfg = Debug|Any CPU
		{AE6A418B-5785-4A47-8E27-19EEA52D65D3}.Debug|Any CPU.Build.0 = Debug|Any CPU
		{AE6A418B-5785-4A47-8E27-19EEA52D65D3}.Release|Any CPU.ActiveCfg = Release|Any CPU
		{AE6A418B-5785-4A47-8E27-19EEA52D65D3}.Release|Any CPU.Build.0 = Release|Any CPU
		{C7DBEF04-264A-4D73-9085-0CC864898BE6}.Debug|Any CPU.ActiveCfg = Debug|Any CPU
		{C7DBEF04-264A-4D73-9085-0CC864898BE6}.Debug|Any CPU.Build.0 = Debug|Any CPU
		{C7DBEF04-264A-4D73-9085-0CC864898BE6}.Release|Any CPU.ActiveCfg = Release|Any CPU
		{C7DBEF04-264A-4D73-9085-0CC864898BE6}.Release|Any CPU.Build.0 = Release|Any CPU
		{113CB8EB-DBB0-46F1-9F5E-22BCFC98C7A9}.Debug|Any CPU.ActiveCfg = Debug|Any CPU
		{113CB8EB-DBB0-46F1-9F5E-22BCFC98C7A9}.Debug|Any CPU.Build.0 = Debug|Any CPU
		{113CB8EB-DBB0-46F1-9F5E-22BCFC98C7A9}.Release|Any CPU.ActiveCfg = Release|Any CPU
		{113CB8EB-DBB0-46F1-9F5E-22BCFC98C7A9}.Release|Any CPU.Build.0 = Release|Any CPU
		{4693E042-A84F-4675-ACD2-2DB7D262B77B}.Debug|Any CPU.ActiveCfg = Debug|Any CPU
		{4693E042-A84F-4675-ACD2-2DB7D262B77B}.Debug|Any CPU.Build.0 = Debug|Any CPU
		{4693E042-A84F-4675-ACD2-2DB7D262B77B}.Release|Any CPU.ActiveCfg = Release|Any CPU
		{4693E042-A84F-4675-ACD2-2DB7D262B77B}.Release|Any CPU.Build.0 = Release|Any CPU
		{5F8BF7F7-1E49-407D-BDE3-D41F144EF0E4}.Debug|Any CPU.ActiveCfg = Debug|Any CPU
		{5F8BF7F7-1E49-407D-BDE3-D41F144EF0E4}.Debug|Any CPU.Build.0 = Debug|Any CPU
		{5F8BF7F7-1E49-407D-BDE3-D41F144EF0E4}.Release|Any CPU.ActiveCfg = Release|Any CPU
		{5F8BF7F7-1E49-407D-BDE3-D41F144EF0E4}.Release|Any CPU.Build.0 = Release|Any CPU
		{07C9D7DB-6C64-40DA-9504-7BBCF65F476F}.Debug|Any CPU.ActiveCfg = Debug|Any CPU
		{07C9D7DB-6C64-40DA-9504-7BBCF65F476F}.Debug|Any CPU.Build.0 = Debug|Any CPU
		{07C9D7DB-6C64-40DA-9504-7BBCF65F476F}.Release|Any CPU.ActiveCfg = Release|Any CPU
		{07C9D7DB-6C64-40DA-9504-7BBCF65F476F}.Release|Any CPU.Build.0 = Release|Any CPU
		{D0CA05D9-C00D-4DE0-A7F6-47CE46ECAD22}.Debug|Any CPU.ActiveCfg = Debug|Any CPU
		{D0CA05D9-C00D-4DE0-A7F6-47CE46ECAD22}.Debug|Any CPU.Build.0 = Debug|Any CPU
		{D0CA05D9-C00D-4DE0-A7F6-47CE46ECAD22}.Release|Any CPU.ActiveCfg = Release|Any CPU
		{D0CA05D9-C00D-4DE0-A7F6-47CE46ECAD22}.Release|Any CPU.Build.0 = Release|Any CPU
		{3BEC561F-3EA3-4D94-9E14-E12CC8A9932D}.Debug|Any CPU.ActiveCfg = Debug|Any CPU
		{3BEC561F-3EA3-4D94-9E14-E12CC8A9932D}.Debug|Any CPU.Build.0 = Debug|Any CPU
		{3BEC561F-3EA3-4D94-9E14-E12CC8A9932D}.Release|Any CPU.ActiveCfg = Release|Any CPU
		{3BEC561F-3EA3-4D94-9E14-E12CC8A9932D}.Release|Any CPU.Build.0 = Release|Any CPU
		{AE8280CB-1977-4502-BAAF-156F2DB3624C}.Debug|Any CPU.ActiveCfg = Debug|Any CPU
		{AE8280CB-1977-4502-BAAF-156F2DB3624C}.Debug|Any CPU.Build.0 = Debug|Any CPU
		{AE8280CB-1977-4502-BAAF-156F2DB3624C}.Release|Any CPU.ActiveCfg = Release|Any CPU
		{AE8280CB-1977-4502-BAAF-156F2DB3624C}.Release|Any CPU.Build.0 = Release|Any CPU
		{8627F03F-5155-4C6F-AFEF-C92FC073F7B3}.Debug|Any CPU.ActiveCfg = Debug|Any CPU
		{8627F03F-5155-4C6F-AFEF-C92FC073F7B3}.Debug|Any CPU.Build.0 = Debug|Any CPU
		{8627F03F-5155-4C6F-AFEF-C92FC073F7B3}.Release|Any CPU.ActiveCfg = Release|Any CPU
		{8627F03F-5155-4C6F-AFEF-C92FC073F7B3}.Release|Any CPU.Build.0 = Release|Any CPU
		{4963EB9E-7075-43C3-BC01-172F2ADC505C}.Debug|Any CPU.ActiveCfg = Debug|Any CPU
		{4963EB9E-7075-43C3-BC01-172F2ADC505C}.Debug|Any CPU.Build.0 = Debug|Any CPU
		{4963EB9E-7075-43C3-BC01-172F2ADC505C}.Release|Any CPU.ActiveCfg = Release|Any CPU
		{4963EB9E-7075-43C3-BC01-172F2ADC505C}.Release|Any CPU.Build.0 = Release|Any CPU
		{94753534-AE42-4D52-B49B-B601A082E835}.Debug|Any CPU.ActiveCfg = Debug|Any CPU
		{94753534-AE42-4D52-B49B-B601A082E835}.Debug|Any CPU.Build.0 = Debug|Any CPU
		{94753534-AE42-4D52-B49B-B601A082E835}.Release|Any CPU.ActiveCfg = Release|Any CPU
		{94753534-AE42-4D52-B49B-B601A082E835}.Release|Any CPU.Build.0 = Release|Any CPU
		{24EFF7CE-8FA4-4CCA-B268-33141AD29E21}.Debug|Any CPU.ActiveCfg = Debug|Any CPU
		{24EFF7CE-8FA4-4CCA-B268-33141AD29E21}.Debug|Any CPU.Build.0 = Debug|Any CPU
		{24EFF7CE-8FA4-4CCA-B268-33141AD29E21}.Release|Any CPU.ActiveCfg = Release|Any CPU
		{24EFF7CE-8FA4-4CCA-B268-33141AD29E21}.Release|Any CPU.Build.0 = Release|Any CPU
		{923B735F-F5D8-4A4C-B68D-D1E52139C5EE}.Debug|Any CPU.ActiveCfg = Debug|Any CPU
		{923B735F-F5D8-4A4C-B68D-D1E52139C5EE}.Debug|Any CPU.Build.0 = Debug|Any CPU
		{923B735F-F5D8-4A4C-B68D-D1E52139C5EE}.Release|Any CPU.ActiveCfg = Release|Any CPU
		{923B735F-F5D8-4A4C-B68D-D1E52139C5EE}.Release|Any CPU.Build.0 = Release|Any CPU
		{40905E9E-6430-439A-9F59-EDAF1685F4EA}.Debug|Any CPU.ActiveCfg = Debug|Any CPU
		{40905E9E-6430-439A-9F59-EDAF1685F4EA}.Debug|Any CPU.Build.0 = Debug|Any CPU
		{40905E9E-6430-439A-9F59-EDAF1685F4EA}.Release|Any CPU.ActiveCfg = Release|Any CPU
		{40905E9E-6430-439A-9F59-EDAF1685F4EA}.Release|Any CPU.Build.0 = Release|Any CPU
		{443C013A-7A81-4863-9577-B6AA1931159B}.Debug|Any CPU.ActiveCfg = Debug|Any CPU
		{443C013A-7A81-4863-9577-B6AA1931159B}.Debug|Any CPU.Build.0 = Debug|Any CPU
		{443C013A-7A81-4863-9577-B6AA1931159B}.Release|Any CPU.ActiveCfg = Release|Any CPU
		{443C013A-7A81-4863-9577-B6AA1931159B}.Release|Any CPU.Build.0 = Release|Any CPU
		{CE3096DC-F6F6-4AC4-B3F3-EAFF42E1E28A}.Debug|Any CPU.ActiveCfg = Debug|Any CPU
		{CE3096DC-F6F6-4AC4-B3F3-EAFF42E1E28A}.Debug|Any CPU.Build.0 = Debug|Any CPU
		{CE3096DC-F6F6-4AC4-B3F3-EAFF42E1E28A}.Release|Any CPU.ActiveCfg = Release|Any CPU
		{CE3096DC-F6F6-4AC4-B3F3-EAFF42E1E28A}.Release|Any CPU.Build.0 = Release|Any CPU
		{9743EDA3-B182-4F5C-8E58-F94A245AB784}.Debug|Any CPU.ActiveCfg = Debug|Any CPU
		{9743EDA3-B182-4F5C-8E58-F94A245AB784}.Debug|Any CPU.Build.0 = Debug|Any CPU
		{9743EDA3-B182-4F5C-8E58-F94A245AB784}.Release|Any CPU.ActiveCfg = Release|Any CPU
		{9743EDA3-B182-4F5C-8E58-F94A245AB784}.Release|Any CPU.Build.0 = Release|Any CPU
		{27C0A828-17F8-4B45-9D73-D0FFB68856EE}.Debug|Any CPU.ActiveCfg = Debug|Any CPU
		{27C0A828-17F8-4B45-9D73-D0FFB68856EE}.Debug|Any CPU.Build.0 = Debug|Any CPU
		{27C0A828-17F8-4B45-9D73-D0FFB68856EE}.Release|Any CPU.ActiveCfg = Release|Any CPU
		{27C0A828-17F8-4B45-9D73-D0FFB68856EE}.Release|Any CPU.Build.0 = Release|Any CPU
		{27440FC9-221E-4C03-844B-4995ED0A1F31}.Debug|Any CPU.ActiveCfg = Debug|Any CPU
		{27440FC9-221E-4C03-844B-4995ED0A1F31}.Debug|Any CPU.Build.0 = Debug|Any CPU
		{27440FC9-221E-4C03-844B-4995ED0A1F31}.Release|Any CPU.ActiveCfg = Release|Any CPU
		{27440FC9-221E-4C03-844B-4995ED0A1F31}.Release|Any CPU.Build.0 = Release|Any CPU
		{698B77E7-FE8B-41C2-89D9-82CCD4BFAFD0}.Debug|Any CPU.ActiveCfg = Debug|Any CPU
		{698B77E7-FE8B-41C2-89D9-82CCD4BFAFD0}.Debug|Any CPU.Build.0 = Debug|Any CPU
		{698B77E7-FE8B-41C2-89D9-82CCD4BFAFD0}.Release|Any CPU.ActiveCfg = Release|Any CPU
		{698B77E7-FE8B-41C2-89D9-82CCD4BFAFD0}.Release|Any CPU.Build.0 = Release|Any CPU
		{98B2970F-E815-4B07-8E7D-C6002D3E8D4F}.Debug|Any CPU.ActiveCfg = Debug|Any CPU
		{98B2970F-E815-4B07-8E7D-C6002D3E8D4F}.Debug|Any CPU.Build.0 = Debug|Any CPU
		{98B2970F-E815-4B07-8E7D-C6002D3E8D4F}.Release|Any CPU.ActiveCfg = Release|Any CPU
		{98B2970F-E815-4B07-8E7D-C6002D3E8D4F}.Release|Any CPU.Build.0 = Release|Any CPU
		{7D2D805B-DEBF-4D62-AB01-AEF1428A66B4}.Debug|Any CPU.ActiveCfg = Debug|Any CPU
		{7D2D805B-DEBF-4D62-AB01-AEF1428A66B4}.Debug|Any CPU.Build.0 = Debug|Any CPU
		{7D2D805B-DEBF-4D62-AB01-AEF1428A66B4}.Release|Any CPU.ActiveCfg = Release|Any CPU
		{7D2D805B-DEBF-4D62-AB01-AEF1428A66B4}.Release|Any CPU.Build.0 = Release|Any CPU
		{E0785E66-07B2-4BDA-BA17-CA88958C7CFE}.Debug|Any CPU.ActiveCfg = Debug|Any CPU
		{E0785E66-07B2-4BDA-BA17-CA88958C7CFE}.Debug|Any CPU.Build.0 = Debug|Any CPU
		{E0785E66-07B2-4BDA-BA17-CA88958C7CFE}.Release|Any CPU.ActiveCfg = Release|Any CPU
		{E0785E66-07B2-4BDA-BA17-CA88958C7CFE}.Release|Any CPU.Build.0 = Release|Any CPU
		{8C761415-8FE7-4AFB-8675-C7E3DA751489}.Debug|Any CPU.ActiveCfg = Debug|Any CPU
		{8C761415-8FE7-4AFB-8675-C7E3DA751489}.Debug|Any CPU.Build.0 = Debug|Any CPU
		{8C761415-8FE7-4AFB-8675-C7E3DA751489}.Release|Any CPU.ActiveCfg = Release|Any CPU
		{8C761415-8FE7-4AFB-8675-C7E3DA751489}.Release|Any CPU.Build.0 = Release|Any CPU
		{0DD69A49-D954-4669-A6E1-8048CE63318E}.Debug|Any CPU.ActiveCfg = Debug|Any CPU
		{0DD69A49-D954-4669-A6E1-8048CE63318E}.Debug|Any CPU.Build.0 = Debug|Any CPU
		{0DD69A49-D954-4669-A6E1-8048CE63318E}.Release|Any CPU.ActiveCfg = Release|Any CPU
		{0DD69A49-D954-4669-A6E1-8048CE63318E}.Release|Any CPU.Build.0 = Release|Any CPU
		{CC8624F6-41F1-4D6B-87F3-10E87F337E23}.Debug|Any CPU.ActiveCfg = Debug|Any CPU
		{CC8624F6-41F1-4D6B-87F3-10E87F337E23}.Debug|Any CPU.Build.0 = Debug|Any CPU
		{CC8624F6-41F1-4D6B-87F3-10E87F337E23}.Release|Any CPU.ActiveCfg = Release|Any CPU
		{CC8624F6-41F1-4D6B-87F3-10E87F337E23}.Release|Any CPU.Build.0 = Release|Any CPU
		{D03435A4-4796-4251-87E3-D039529D8836}.Debug|Any CPU.ActiveCfg = Debug|Any CPU
		{D03435A4-4796-4251-87E3-D039529D8836}.Debug|Any CPU.Build.0 = Debug|Any CPU
		{D03435A4-4796-4251-87E3-D039529D8836}.Release|Any CPU.ActiveCfg = Release|Any CPU
		{D03435A4-4796-4251-87E3-D039529D8836}.Release|Any CPU.Build.0 = Release|Any CPU
		{27713975-5770-4FC3-9048-1B1F6496A7BE}.Debug|Any CPU.ActiveCfg = Debug|Any CPU
		{27713975-5770-4FC3-9048-1B1F6496A7BE}.Debug|Any CPU.Build.0 = Debug|Any CPU
		{27713975-5770-4FC3-9048-1B1F6496A7BE}.Release|Any CPU.ActiveCfg = Release|Any CPU
		{27713975-5770-4FC3-9048-1B1F6496A7BE}.Release|Any CPU.Build.0 = Release|Any CPU
	EndGlobalSection
	GlobalSection(SolutionProperties) = preSolution
		HideSolutionNode = FALSE
	EndGlobalSection
	GlobalSection(ExtensibilityGlobals) = postSolution
		SolutionGuid = {90388AD5-DD03-40A1-BBC8-36D4B3038034}
	EndGlobalSection
EndGlobal
